
Microsoft Visual Studio Solution File, Format Version 12.00
# Visual Studio Version 16
VisualStudioVersion = 16.0.31729.503
MinimumVisualStudioVersion = 10.0.40219.1
Project("{9A19103F-16F7-4668-BE54-9A1E7A4F7556}") = "HWLesson3", "HWLesson3\HWLesson3.csproj", "{A3E43B09-EE22-4F24-AD46-4848A226B000}"
EndProject
Project("{FAE04EC0-301F-11D3-BF4B-00C04F79EFBC}") = "LibraryForLesson3", "LibraryForLesson3\LibraryForLesson3.csproj", "{DB540F92-CBB7-41C0-AF2F-DCFABFBF3834}"
EndProject
Global
	GlobalSection(SolutionConfigurationPlatforms) = preSolution
		Debug|Any CPU = Debug|Any CPU
		Release|Any CPU = Release|Any CPU
	EndGlobalSection
	GlobalSection(ProjectConfigurationPlatforms) = postSolution
		{A3E43B09-EE22-4F24-AD46-4848A226B000}.Debug|Any CPU.ActiveCfg = Debug|Any CPU
		{A3E43B09-EE22-4F24-AD46-4848A226B000}.Debug|Any CPU.Build.0 = Debug|Any CPU
		{A3E43B09-EE22-4F24-AD46-4848A226B000}.Release|Any CPU.ActiveCfg = Release|Any CPU
		{A3E43B09-EE22-4F24-AD46-4848A226B000}.Release|Any CPU.Build.0 = Release|Any CPU
		{DB540F92-CBB7-41C0-AF2F-DCFABFBF3834}.Debug|Any CPU.ActiveCfg = Debug|Any CPU
		{DB540F92-CBB7-41C0-AF2F-DCFABFBF3834}.Debug|Any CPU.Build.0 = Debug|Any CPU
		{DB540F92-CBB7-41C0-AF2F-DCFABFBF3834}.Release|Any CPU.ActiveCfg = Release|Any CPU
		{DB540F92-CBB7-41C0-AF2F-DCFABFBF3834}.Release|Any CPU.Build.0 = Release|Any CPU
	EndGlobalSection
	GlobalSection(SolutionProperties) = preSolution
		HideSolutionNode = FALSE
	EndGlobalSection
	GlobalSection(ExtensibilityGlobals) = postSolution
		SolutionGuid = {8793BB7E-B3A3-498C-9A14-88B28F161DE3}
	EndGlobalSection
EndGlobal
